{
  "pins" : [
    {
      "identity" : "notchnotification",
      "kind" : "remoteSourceControl",
      "location" : "https://github.com/Lakr233/NotchNotification.git",
      "state" : {
        "revision" : "e4d255d789eba108184b0aa1f6361a4adfb302f6",
        "version" : "1.2.1"
      }
    }
  ],
  "version" : 2
}
